hash: 223985f204597c6ed49657a4fc38273f683d40c39e8d48d13ed0dbf632107427
updated: 2016-09-08T14:33:20.578698462Z
imports:
- name: github.com/inconshreveable/mousetrap
  version: 76626ae9c91c4f2a10f34cad8ce83ea42c93bb75
- name: github.com/opencontainers/runtime-spec
  version: 06479209bdc0d4135911688c18157bd39bd99c22
  subpackages:
  - specs-go
- name: github.com/pkg/errors
  version: 17b591df37844cde689f4d5813e5cea0927d8dd2
- name: github.com/russross/blackfriday
  version: 0b647d0506a698cca42caca173e55559b12a69f2
- name: github.com/shurcooL/sanitized_anchor_name
  version: 10ef21a441db47d8b13ebcc5fd2310f636973c77
- name: github.com/spf13/cobra
  version: 9c28e4bbd74e5c3ed7aacbc552b2cab7cfdfe744
- name: github.com/spf13/pflag
  version: 6fd2ff4ff8dfcdf5556fbdc0ac0284408274b1a7
- name: github.com/xeipuuv/gojsonpointer
  version: e0fe6f68307607d540ed8eac07a342c33fa1b54a
- name: github.com/xeipuuv/gojsonreference
  version: e02fc20de94c78484cd5ffb007f8af96be030a45
- name: github.com/xeipuuv/gojsonschema
  version: d5336c75940ef31c9ceeb0ae64cf92944bccb4ee
- name: go4.org
  version: f5283521d7365fb2875408726e9cbf349f173767
  subpackages:
  - errorutil
testImports: []
